<Solution>
  <Project Path="WarehouseManagementSystem.Application/WarehouseManagementSystem.Application.csproj" />
  <Project Path="WarehouseManagementSystem.Domain/WarehouseManagementSystem.Domain.csproj" />
  <Project Path="WarehouseManagementSystem.Infrastructure/WarehouseManagementSystem.Infrastructure.csproj" />
  <Project Path="WarehouseManagementSystem.Web/WarehouseManagementSystem.Web.csproj" />
</Solution>
